
Microsoft Visual Studio Solution File, Format Version 12.00
# Visual Studio Version 17
VisualStudioVersion = 17.10.35013.160
MinimumVisualStudioVersion = 10.0.40219.1
Project("{FAE04EC0-301F-11D3-BF4B-00C04F79EFBC}") = "MyCRUDAPP", "MyCRUDAPP\MyCRUDAPP.csproj", "{322DFA9B-BAC0-4825-8F28-5C61122475D5}"
EndProject
Global
	GlobalSection(SolutionConfigurationPlatforms) = preSolution
		Debug|Any CPU = Debug|Any CPU
		Release|Any CPU = Release|Any CPU
	EndGlobalSection
	GlobalSection(ProjectConfigurationPlatforms) = postSolution
		{322DFA9B-BAC0-4825-8F28-5C61122475D5}.Debug|Any CPU.ActiveCfg = Debug|Any CPU
		{322DFA9B-BAC0-4825-8F28-5C61122475D5}.Debug|Any CPU.Build.0 = Debug|Any CPU
		{322DFA9B-BAC0-4825-8F28-5C61122475D5}.Release|Any CPU.ActiveCfg = Release|Any CPU
		{322DFA9B-BAC0-4825-8F28-5C61122475D5}.Release|Any CPU.Build.0 = Release|Any CPU
	EndGlobalSection
	GlobalSection(SolutionProperties) = preSolution
		HideSolutionNode = FALSE
	EndGlobalSection
	GlobalSection(ExtensibilityGlobals) = postSolution
		SolutionGuid = {44DF4A1C-8135-4FE6-B454-02BD2AF5607F}
	EndGlobalSection
EndGlobal
